
Microsoft Visual Studio Solution File, Format Version 12.00
# Visual Studio Version 17
VisualStudioVersion = 17.14.36717.8 d17.14
MinimumVisualStudioVersion = 10.0.40219.1
Project("{FAE04EC0-301F-11D3-BF4B-00C04F79EFBC}") = "FakeStoreAPIUsingNUnitAndRestSharp", "FakeStoreAPIUsingNUnitAndRestSharp\FakeStoreAPIUsingNUnitAndRestSharp.csproj", "{370C25D6-8F31-4E6C-95C3-90A86340D9A3}"
EndProject
Global
	GlobalSection(SolutionConfigurationPlatforms) = preSolution
		Debug|Any CPU = Debug|Any CPU
		Release|Any CPU = Release|Any CPU
	EndGlobalSection
	GlobalSection(ProjectConfigurationPlatforms) = postSolution
		{370C25D6-8F31-4E6C-95C3-90A86340D9A3}.Debug|Any CPU.ActiveCfg = Debug|Any CPU
		{370C25D6-8F31-4E6C-95C3-90A86340D9A3}.Debug|Any CPU.Build.0 = Debug|Any CPU
		{370C25D6-8F31-4E6C-95C3-90A86340D9A3}.Release|Any CPU.ActiveCfg = Release|Any CPU
		{370C25D6-8F31-4E6C-95C3-90A86340D9A3}.Release|Any CPU.Build.0 = Release|Any CPU
	EndGlobalSection
	GlobalSection(SolutionProperties) = preSolution
		HideSolutionNode = FALSE
	EndGlobalSection
	GlobalSection(ExtensibilityGlobals) = postSolution
		SolutionGuid = {2F74E00F-2DAB-4CA5-9502-047D3D009CE2}
	EndGlobalSection
EndGlobal
